
Microsoft Visual Studio Solution File, Format Version 12.00
# Visual Studio Version 17
VisualStudioVersion = 17.9.34728.123
MinimumVisualStudioVersion = 10.0.40219.1
Project("{FAE04EC0-301F-11D3-BF4B-00C04F79EFBC}") = "TR-IMU2-Monitor", "TR-IMU2-Monitor\TR-IMU2-Monitor.csproj", "{B270D8E6-E50E-40A7-9F75-1090631D9778}"
EndProject
Global
	GlobalSection(SolutionConfigurationPlatforms) = preSolution
		Debug|Any CPU = Debug|Any CPU
		Release|Any CPU = Release|Any CPU
	EndGlobalSection
	GlobalSection(ProjectConfigurationPlatforms) = postSolution
		{B270D8E6-E50E-40A7-9F75-1090631D9778}.Debug|Any CPU.ActiveCfg = Debug|Any CPU
		{B270D8E6-E50E-40A7-9F75-1090631D9778}.Debug|Any CPU.Build.0 = Debug|Any CPU
		{B270D8E6-E50E-40A7-9F75-1090631D9778}.Release|Any CPU.ActiveCfg = Release|Any CPU
		{B270D8E6-E50E-40A7-9F75-1090631D9778}.Release|Any CPU.Build.0 = Release|Any CPU
	EndGlobalSection
	GlobalSection(SolutionProperties) = preSolution
		HideSolutionNode = FALSE
	EndGlobalSection
	GlobalSection(ExtensibilityGlobals) = postSolution
		SolutionGuid = {DB62C675-6CC5-4B32-B8AC-66CC13DD900B}
	EndGlobalSection
EndGlobal
